github.com/Kelvyne/swf v0.0.0-20161230134750-f76892fc7f83 h1:GbW1QclUB29qkK3m0b8xVIdgj7psD0v0kIU/xt6bJQU=
github.com/Kelvyne/swf v0.0.0-20161230134750-f76892fc7f83/go.mod h1:TiUbpLJRZANJW0x00jaksB2xZjNV0kgMPDuueKyCEKs=
github.com/icza/bitio v0.0.0-20161115225615-7db4715789cd h1:tzw0u49GR3pe8PYWe7++TU1xCW4TSiD7myk/wUKPfAU=
github.com/icza/bitio v0.0.0-20161115225615-7db4715789cd/go.mod h1:1+iKpsBoI5fsqBTrjxjM81vidVQcxXCmDrM9vc6EU2w=
github.com/wojciechbator/swf v0.0.0-20161230134750-f76892fc7f83 h1:RhWKoxc4xjLUDNaWkHob56cQtVQakJz3jB/I8X4gUC0=
github.com/wojciechbator/swf v0.0.0-20161230134750-f76892fc7f83/go.mod h1:T5eNcR7gRUzOIPg8lzuqwdj4lpxP8RaQolakgFyZPnk=
